
Microsoft Visual Studio Solution File, Format Version 12.00
# Visual Studio Version 17
VisualStudioVersion = 17.13.35931.197
MinimumVisualStudioVersion = 10.0.40219.1
Project("{FAE04EC0-301F-11D3-BF4B-00C04F79EFBC}") = "WatherApp", "WatherApp\WatherApp.csproj", "{DC7BFCDF-038E-402F-82A3-36EA4B6BE82C}"
EndProject
Project("{FAE04EC0-301F-11D3-BF4B-00C04F79EFBC}") = "WatherApp.Business", "WatherApp.Business\WatherApp.Business.csproj", "{D8C2009D-B7EE-45CF-9378-D2E59D4B9C85}"
EndProject
Project("{FAE04EC0-301F-11D3-BF4B-00C04F79EFBC}") = "WatherApp.Entity", "WatherApp.Entity\WatherApp.Entity.csproj", "{DA9F1B30-B421-40C6-8D3E-7CB051590B77}"
EndProject
Global
	GlobalSection(SolutionConfigurationPlatforms) = preSolution
		Debug|Any CPU = Debug|Any CPU
		Release|Any CPU = Release|Any CPU
	EndGlobalSection
	GlobalSection(ProjectConfigurationPlatforms) = postSolution
		{DC7BFCDF-038E-402F-82A3-36EA4B6BE82C}.Debug|Any CPU.ActiveCfg = Debug|Any CPU
		{DC7BFCDF-038E-402F-82A3-36EA4B6BE82C}.Debug|Any CPU.Build.0 = Debug|Any CPU
		{DC7BFCDF-038E-402F-82A3-36EA4B6BE82C}.Release|Any CPU.ActiveCfg = Release|Any CPU
		{DC7BFCDF-038E-402F-82A3-36EA4B6BE82C}.Release|Any CPU.Build.0 = Release|Any CPU
		{D8C2009D-B7EE-45CF-9378-D2E59D4B9C85}.Debug|Any CPU.ActiveCfg = Debug|Any CPU
		{D8C2009D-B7EE-45CF-9378-D2E59D4B9C85}.Debug|Any CPU.Build.0 = Debug|Any CPU
		{D8C2009D-B7EE-45CF-9378-D2E59D4B9C85}.Release|Any CPU.ActiveCfg = Release|Any CPU
		{D8C2009D-B7EE-45CF-9378-D2E59D4B9C85}.Release|Any CPU.Build.0 = Release|Any CPU
		{DA9F1B30-B421-40C6-8D3E-7CB051590B77}.Debug|Any CPU.ActiveCfg = Debug|Any CPU
		{DA9F1B30-B421-40C6-8D3E-7CB051590B77}.Debug|Any CPU.Build.0 = Debug|Any CPU
		{DA9F1B30-B421-40C6-8D3E-7CB051590B77}.Release|Any CPU.ActiveCfg = Release|Any CPU
		{DA9F1B30-B421-40C6-8D3E-7CB051590B77}.Release|Any CPU.Build.0 = Release|Any CPU
	EndGlobalSection
	GlobalSection(SolutionProperties) = preSolution
		HideSolutionNode = FALSE
	EndGlobalSection
	GlobalSection(ExtensibilityGlobals) = postSolution
		SolutionGuid = {9AB09496-1C65-4FA0-9EE0-F4B603F51EE0}
	EndGlobalSection
EndGlobal
